uuid: c568b1a8-f324-4600-bf3a-0830d4b0691b
langcode: en
status: true
dependencies:
  content:
    - 'block_content:header_left_block_with_bg_color:d87575fc-e627-4bae-a3db-4a6fdf24ffde'
  module:
    - block_content
  theme:
    - bootstrap_custom
id: headerleftblock
theme: bootstrap_custom
region: header
weight: 0
provider: null
plugin: 'block_content:d87575fc-e627-4bae-a3db-4a6fdf24ffde'
settings:
  id: 'block_content:d87575fc-e627-4bae-a3db-4a6fdf24ffde'
  label: 'Header left block'
  provider: block_content
  label_display: '0'
  status: true
  info: ''
  view_mode: full
visibility: {  }
